
Microsoft Visual Studio Solution File, Format Version 12.00
# Visual Studio Version 16
VisualStudioVersion = 16.0.30523.141
MinimumVisualStudioVersion = 10.0.40219.1
Project("{FAE04EC0-301F-11D3-BF4B-00C04F79EFBC}") = "Lab6", "Lab6\Lab6.csproj", "{7B989E5D-A58C-4970-9764-C6630F5428F3}"
EndProject
Global
	GlobalSection(SolutionConfigurationPlatforms) = preSolution
		Debug|Any CPU = Debug|Any CPU
		Release|Any CPU = Release|Any CPU
	EndGlobalSection
	GlobalSection(ProjectConfigurationPlatforms) = postSolution
		{7B989E5D-A58C-4970-9764-C6630F5428F3}.Debug|Any CPU.ActiveCfg = Debug|Any CPU
		{7B989E5D-A58C-4970-9764-C6630F5428F3}.Debug|Any CPU.Build.0 = Debug|Any CPU
		{7B989E5D-A58C-4970-9764-C6630F5428F3}.Release|Any CPU.ActiveCfg = Release|Any CPU
		{7B989E5D-A58C-4970-9764-C6630F5428F3}.Release|Any CPU.Build.0 = Release|Any CPU
	EndGlobalSection
	GlobalSection(SolutionProperties) = preSolution
		HideSolutionNode = FALSE
	EndGlobalSection
	GlobalSection(ExtensibilityGlobals) = postSolution
		SolutionGuid = {3780158F-DEA0-4E52-BB15-9A7D79823128}
	EndGlobalSection
EndGlobal
